// !$*UTF8*$!
{
	archiveVersion = 1;
	classes = {
	};
	objectVersion = 50;
	objects = {

/* Begin PBXBuildFile section */
		08772D2520AC99960075DD6F /* AppDelegate.swift in Sources */ = {isa = PBXBuildFile; fileRef = 08772D2420AC99960075DD6F /* AppDelegate.swift */; };
		08772D2720AC99960075DD6F /* ViewController.swift in Sources */ = {isa = PBXBuildFile; fileRef = 08772D2620AC99960075DD6F /* ViewController.swift */; };
		08772D2A20AC99960075DD6F /* Main.storyboard in Resources */ = {isa = PBXBuildFile; fileRef = 08772D2820AC99960075DD6F /* Main.storyboard */; };
		08772D2C20AC99990075DD6F /* Assets.xcassets in Resources */ = {isa = PBXBuildFile; fileRef = 08772D2B20AC99990075DD6F /* Assets.xcassets */; };
		08772D2F20AC99990075DD6F /* LaunchScreen.storyboard in Resources */ = {isa = PBXBuildFile; fileRef = 08772D2D20AC99990075DD6F /* LaunchScreen.storyboard */; };
		08772D3A20AC99990075DD6F /* UserLoginTests.swift in Sources */ = {isa = PBXBuildFile; fileRef = 08772D3920AC99990075DD6F /* UserLoginTests.swift */; };
		08772D4520AC99990075DD6F /* UserLoginUITests.swift in Sources */ = {isa = PBXBuildFile; fileRef = 08772D4420AC99990075DD6F /* UserLoginUITests.swift */; };
/* End PBXBuildFile section */

/* Begin PBXContainerItemProxy section */
		08772D3620AC99990075DD6F /* PBXContainerItemProxy */ = {
			isa = PBXContainerItemProxy;
			containerPortal = 08772D1920AC99960075DD6F /* Project object */;
			proxyType = 1;
			remoteGlobalIDString = 08772D2020AC99960075DD6F;
			remoteInfo = UserLogin;
		};
		08772D4120AC99990075DD6F /* PBXContainerItemProxy */ = {
			isa = PBXContainerItemProxy;
			containerPortal = 08772D1920AC99960075DD6F /* Project object */;
			proxyType = 1;
			remoteGlobalIDString = 08772D2020AC99960075DD6F;
			remoteInfo = UserLogin;
		};
/* End PBXContainerItemProxy section */

/* Begin PBXFileReference section */
		08772D2120AC99960075DD6F /* UserLogin.app */ = {isa = PBXFileReference; explicitFileType = wrapper.application; includeInIndex = 0; path = UserLogin.app; sourceTree = BUILT_PRODUCTS_DIR; };
		08772D2420AC99960075DD6F /* AppDelegate.swift */ = {isa = PBXFileReference; lastKnownFileType = sourcecode.swift; path = AppDelegate.swift; sourceTree = "<group>"; };
		08772D2620AC99960075DD6F /* ViewController.swift */ = {isa = PBXFileReference; lastKnownFileType = sourcecode.swift; path = ViewController.swift; sourceTree = "<group>"; };
		08772D2920AC99960075DD6F /* Base */ = {isa = PBXFileReference; lastKnownFileType = file.storyboard; name = Base; path = Base.lproj/Main.storyboard; sourceTree = "<group>"; };
		08772D2B20AC99990075DD6F /* Assets.xcassets */ = {isa = PBXFileReference; lastKnownFileType = folder.assetcatalog; path = Assets.xcassets; sourceTree = "<group>"; };
		08772D2E20AC99990075DD6F /* Base */ = {isa = PBXFileReference; lastKnownFileType = file.storyboard; name = Base; path = Base.lproj/LaunchScreen.storyboard; sourceTree = "<group>"; };
		08772D3020AC99990075DD6F /* Info.plist */ = {isa = PBXFileReference; lastKnownFileType = text.plist.xml; path = Info.plist; sourceTree = "<group>"; };
		08772D3520AC99990075DD6F /* UserLoginTests.xctest */ = {isa = PBXFileReference; explicitFileType = wrapper.cfbundle; includeInIndex = 0; path = UserLoginTests.xctest; sourceTree = BUILT_PRODUCTS_DIR; };
		08772D3920AC99990075DD6F /* UserLoginTests.swift */ = {isa = PBXFileReference; lastKnownFileType = sourcecode.swift; path = UserLoginTests.swift; sourceTree = "<group>"; };
		08772D3B20AC99990075DD6F /* Info.plist */ = {isa = PBXFileReference; lastKnownFileType = text.plist.xml; path = Info.plist; sourceTree = "<group>"; };
		08772D4020AC99990075DD6F /* UserLoginUITests.xctest */ = {isa = PBXFileReference; explicitFileType = wrapper.cfbundle; includeInIndex = 0; path = UserLoginUITests.xctest; sourceTree = BUILT_PRODUCTS_DIR; };
		08772D4420AC99990075DD6F /* UserLoginUITests.swift */ = {isa = PBXFileReference; lastKnownFileType = sourcecode.swift; path = UserLoginUITests.swift; sourceTree = "<group>"; };
		08772D4620AC99990075DD6F /* Info.plist */ = {isa = PBXFileReference; lastKnownFileType = text.plist.xml; path = Info.plist; sourceTree = "<group>"; };
/* End PBXFileReference section */

/* Begin PBXFrameworksBuildPhase section */
		08772D1E20AC99960075DD6F /* Frameworks */ = {
			isa = PBXFrameworksBuildPhase;
			buildActionMask = 2147483647;
			files = (
			);
			runOnlyForDeploymentPostprocessing = 0;
		};
		08772D3220AC99990075DD6F /* Frameworks */ = {
			isa = PBXFrameworksBuildPhase;
			buildActionMask = 2147483647;
			files = (
			);
			runOnlyForDeploymentPostprocessing = 0;
		};
		08772D3D20AC99990075DD6F /* Frameworks */ = {
			isa = PBXFrameworksBuildPhase;
			buildActionMask = 2147483647;
			files = (
			);
			runOnlyForDeploymentPostprocessing = 0;
		};
/* End PBXFrameworksBuildPhase section */

/* Begin PBXGroup section */
		08772D1820AC99960075DD6F = {
			isa = PBXGroup;
			children = (
				08772D2320AC99960075DD6F /* UserLogin */,
				08772D3820AC99990075DD6F /* UserLoginTests */,
				08772D4320AC99990075DD6F /* UserLoginUITests */,
				08772D2220AC99960075DD6F /* Products */,
			);
			sourceTree = "<group>";
		};
		08772D2220AC99960075DD6F /* Products */ = {
			isa = PBXGroup;
			children = (
				08772D2120AC99960075DD6F /* UserLogin.app */,
				08772D3520AC99990075DD6F /* UserLoginTests.xctest */,
				08772D4020AC99990075DD6F /* UserLoginUITests.xctest */,
			);
			name = Products;
			sourceTree = "<group>";
		};
		08772D2320AC99960075DD6F /* UserLogin */ = {
			isa = PBXGroup;
			children = (
				08772D2420AC99960075DD6F /* AppDelegate.swift */,
				08772D2620AC99960075DD6F /* ViewController.swift */,
				08772D2820AC99960075DD6F /* Main.storyboard */,
				08772D2B20AC99990075DD6F /* Assets.xcassets */,
				08772D2D20AC99990075DD6F /* LaunchScreen.storyboard */,
				08772D3020AC99990075DD6F /* Info.plist */,
			);
			path = UserLogin;
			sourceTree = "<group>";
		};
		08772D3820AC99990075DD6F /* UserLoginTests */ = {
			isa = PBXGroup;
			children = (
				08772D3920AC99990075DD6F /* UserLoginTests.swift */,
				08772D3B20AC99990075DD6F /* Info.plist */,
			);
			path = UserLoginTests;
			sourceTree = "<group>";
		};
		08772D4320AC99990075DD6F /* UserLoginUITests */ = {
			isa = PBXGroup;
			children = (
				08772D4420AC99990075DD6F /* UserLoginUITests.swift */,
				08772D4620AC99990075DD6F /* Info.plist */,
			);
			path = UserLoginUITests;
			sourceTree = "<group>";
		};
/* End PBXGroup section */

/* Begin PBXNativeTarget section */
		08772D2020AC99960075DD6F /* UserLogin */ = {
			isa = PBXNativeTarget;
			buildConfigurationList = 08772D4920AC99990075DD6F /* Build configuration list for PBXNativeTarget "UserLogin" */;
			buildPhases = (
				08772D1D20AC99960075DD6F /* Sources */,
				08772D1E20AC99960075DD6F /* Frameworks */,
				08772D1F20AC99960075DD6F /* Resources */,
			);
			buildRules = (
			);
			dependencies = (
			);
			name = UserLogin;
			productName = UserLogin;
			productReference = 08772D2120AC99960075DD6F /* UserLogin.app */;
			productType = "com.apple.product-type.application";
		};
		08772D3420AC99990075DD6F /* UserLoginTests */ = {
			isa = PBXNativeTarget;
			buildConfigurationList = 08772D4C20AC99990075DD6F /* Build configuration list for PBXNativeTarget "UserLoginTests" */;
			buildPhases = (
				08772D3120AC99990075DD6F /* Sources */,
				08772D3220AC99990075DD6F /* Frameworks */,
				08772D3320AC99990075DD6F /* Resources */,
			);
			buildRules = (
			);
			dependencies = (
				08772D3720AC99990075DD6F /* PBXTargetDependency */,
			);
			name = UserLoginTests;
			productName = UserLoginTests;
			productReference = 08772D3520AC99990075DD6F /* UserLoginTests.xctest */;
			productType = "com.apple.product-type.bundle.unit-test";
		};
		08772D3F20AC99990075DD6F /* UserLoginUITests */ = {
			isa = PBXNativeTarget;
			buildConfigurationList = 08772D4F20AC99990075DD6F /* Build configuration list for PBXNativeTarget "UserLoginUITests" */;
			buildPhases = (
				08772D3C20AC99990075DD6F /* Sources */,
				08772D3D20AC99990075DD6F /* Frameworks */,
				08772D3E20AC99990075DD6F /* Resources */,
			);
			buildRules = (
			);
			dependencies = (
				08772D4220AC99990075DD6F /* PBXTargetDependency */,
			);
			name = UserLoginUITests;
			productName = UserLoginUITests;
			productReference = 08772D4020AC99990075DD6F /* UserLoginUITests.xctest */;
			productType = "com.apple.product-type.bundle.ui-testing";
		};
/* End PBXNativeTarget section */

/* Begin PBXProject section */
		08772D1920AC99960075DD6F /* Project object */ = {
			isa = PBXProject;
			attributes = {
				LastSwiftUpdateCheck = 0930;
				LastUpgradeCheck = 0930;
				ORGANIZATIONNAME = "Sundir Talari";
				TargetAttributes = {
					08772D2020AC99960075DD6F = {
						CreatedOnToolsVersion = 9.3.1;
					};
					08772D3420AC99990075DD6F = {
						CreatedOnToolsVersion = 9.3.1;
						TestTargetID = 08772D2020AC99960075DD6F;
					};
					08772D3F20AC99990075DD6F = {
						CreatedOnToolsVersion = 9.3.1;
						TestTargetID = 08772D2020AC99960075DD6F;
					};
				};
			};
			buildConfigurationList = 08772D1C20AC99960075DD6F /* Build configuration list for PBXProject "UserLogin" */;
			compatibilityVersion = "Xcode 9.3";
			developmentRegion = en;
			hasScannedForEncodings = 0;
			knownRegions = (
				en,
				Base,
			);
			mainGroup = 08772D1820AC99960075DD6F;
			productRefGroup = 08772D2220AC99960075DD6F /* Products */;
			projectDirPath = "";
			projectRoot = "";
			targets = (
				08772D2020AC99960075DD6F /* UserLogin */,
				08772D3420AC99990075DD6F /* UserLoginTests */,
				08772D3F20AC99990075DD6F /* UserLoginUITests */,
			);
		};
/* End PBXProject section */

/* Begin PBXResourcesBuildPhase section */
		08772D1F20AC99960075DD6F /* Resources */ = {
			isa = PBXResourcesBuildPhase;
			buildActionMask = 2147483647;
			files = (
				08772D2F20AC99990075DD6F /* LaunchScreen.storyboard in Resources */,
				08772D2C20AC99990075DD6F /* Assets.xcassets in Resources */,
				08772D2A20AC99960075DD6F /* Main.storyboard in Resources */,
			);
			runOnlyForDeploymentPostprocessing = 0;
		};
		08772D3320AC99990075DD6F /* Resources */ = {
			isa = PBXResourcesBuildPhase;
			buildActionMask = 2147483647;
			files = (
			);
			runOnlyForDeploymentPostprocessing = 0;
		};
		08772D3E20AC99990075DD6F /* Resources */ = {
			isa = PBXResourcesBuildPhase;
			buildActionMask = 2147483647;
			files = (
			);
			runOnlyForDeploymentPostprocessing = 0;
		};
/* End PBXResourcesBuildPhase section */

/* Begin PBXSourcesBuildPhase section */
		08772D1D20AC99960075DD6F /* Sources */ = {
			isa = PBXSourcesBuildPhase;
			buildActionMask = 2147483647;
			files = (
				08772D2720AC99960075DD6F /* ViewController.swift in Sources */,
				08772D2520AC99960075DD6F /* AppDelegate.swift in Sources */,
			);
			runOnlyForDeploymentPostprocessing = 0;
		};
		08772D3120AC99990075DD6F /* Sources */ = {
			isa = PBXSourcesBuildPhase;
			buildActionMask = 2147483647;
			files = (
				08772D3A20AC99990075DD6F /* UserLoginTests.swift in Sources */,
			);
			runOnlyForDeploymentPostprocessing = 0;
		};
		08772D3C20AC99990075DD6F /* Sources */ = {
			isa = PBXSourcesBuildPhase;
			buildActionMask = 2147483647;
			files = (
				08772D4520AC99990075DD6F /* UserLoginUITests.swift in Sources */,
			);
			runOnlyForDeploymentPostprocessing = 0;
		};
/* End PBXSourcesBuildPhase section */

/* Begin PBXTargetDependency section */
		08772D3720AC99990075DD6F /* PBXTargetDependency */ = {
			isa = PBXTargetDependency;
			target = 08772D2020AC99960075DD6F /* UserLogin */;
			targetProxy = 08772D3620AC99990075DD6F /* PBXContainerItemProxy */;
		};
		08772D4220AC99990075DD6F /* PBXTargetDependency */ = {
			isa = PBXTargetDependency;
			target = 08772D2020AC99960075DD6F /* UserLogin */;
			targetProxy = 08772D4120AC99990075DD6F /* PBXContainerItemProxy */;
		};
/* End PBXTargetDependency section */

/* Begin PBXVariantGroup section */
		08772D2820AC99960075DD6F /* Main.storyboard */ = {
			isa = PBXVariantGroup;
			children = (
				08772D2920AC99960075DD6F /* Base */,
			);
			name = Main.storyboard;
			sourceTree = "<group>";
		};
		08772D2D20AC99990075DD6F /* LaunchScreen.storyboard */ = {
			isa = PBXVariantGroup;
			children = (
				08772D2E20AC99990075DD6F /* Base */,
			);
			name = LaunchScreen.storyboard;
			sourceTree = "<group>";
		};
/* End PBXVariantGroup section */

/* Begin XCBuildConfiguration section */
		08772D4720AC99990075DD6F /* Debug */ = {
			isa = XCBuildConfiguration;
			buildSettings = {
				ALWAYS_SEARCH_USER_PATHS = NO;
				CLANG_ANALYZER_NONNULL = YES;
				CLANG_ANALYZER_NUMBER_OBJECT_CONVERSION = YES_AGGRESSIVE;
				CLANG_CXX_LANGUAGE_STANDARD = "gnu++14";
				CLANG_CXX_LIBRARY = "libc++";
				CLANG_ENABLE_MODULES = YES;
				CLANG_ENABLE_OBJC_ARC = YES;
				CLANG_ENABLE_OBJC_WEAK = YES;
				CLANG_WARN_BLOCK_CAPTURE_AUTORELEASING = YES;
				CLANG_WARN_BOOL_CONVERSION = YES;
				CLANG_WARN_COMMA = YES;
				CLANG_WARN_CONSTANT_CONVERSION = YES;
				CLANG_WARN_DEPRECATED_OBJC_IMPLEMENTATIONS = YES;
				CLANG_WARN_DIRECT_OBJC_ISA_USAGE = YES_ERROR;
				CLANG_WARN_DOCUMENTATION_COMMENTS = YES;
				CLANG_WARN_EMPTY_BODY = YES;
				CLANG_WARN_ENUM_CONVERSION = YES;
				CLANG_WARN_INFINITE_RECURSION = YES;
				CLANG_WARN_INT_CONVERSION = YES;
				CLANG_WARN_NON_LITERAL_NULL_CONVERSION = YES;
				CLANG_WARN_OBJC_IMPLICIT_RETAIN_SELF = YES;
				CLANG_WARN_OBJC_LITERAL_CONVERSION = YES;
				CLANG_WARN_OBJC_ROOT_CLASS = YES_ERROR;
				CLANG_WARN_RANGE_LOOP_ANALYSIS = YES;
				CLANG_WARN_STRICT_PROTOTYPES = YES;
				CLANG_WARN_SUSPICIOUS_MOVE = YES;
				CLANG_WARN_UNGUARDED_AVAILABILITY = YES_AGGRESSIVE;
				CLANG_WARN_UNREACHABLE_CODE = YES;
				CLANG_WARN__DUPLICATE_METHOD_MATCH = YES;
				CODE_SIGN_IDENTITY = "iPhone Developer";
				COPY_PHASE_STRIP = NO;
				DEBUG_INFORMATION_FORMAT = dwarf;
				ENABLE_STRICT_OBJC_MSGSEND = YES;
				ENABLE_TESTABILITY = YES;
				GCC_C_LANGUAGE_STANDARD = gnu11;
				GCC_DYNAMIC_NO_PIC = NO;
				GCC_NO_COMMON_BLOCKS = YES;
				GCC_OPTIMIZATION_LEVEL = 0;
				GCC_PREPROCESSOR_DEFINITIONS = (
					"DEBUG=1",
					"$(inherited)",
				);
				GCC_WARN_64_TO_32_BIT_CONVERSION = YES;
				GCC_WARN_ABOUT_RETURN_TYPE = YES_ERROR;
				GCC_WARN_UNDECLARED_SELECTOR = YES;
				GCC_WARN_UNINITIALIZED_AUTOS = YES_AGGRESSIVE;
				GCC_WARN_UNUSED_FUNCTION = YES;
				GCC_WARN_UNUSED_VARIABLE = YES;
				IPHONEOS_DEPLOYMENT_TARGET = 11.3;
				MTL_ENABLE_DEBUG_INFO = YES;
				ONLY_ACTIVE_ARCH = YES;
				SDKROOT = iphoneos;
				SWIFT_ACTIVE_COMPILATION_CONDITIONS = DEBUG;
				SWIFT_OPTIMIZATION_LEVEL = "-Onone";
			};
			name = Debug;
		};
		08772D4820AC99990075DD6F /* Release */ = {
			isa = XCBuildConfiguration;
			buildSettings = {
				ALWAYS_SEARCH_USER_PATHS = NO;
				CLANG_ANALYZER_NONNULL = YES;
				CLANG_ANALYZER_NUMBER_OBJECT_CONVERSION = YES_AGGRESSIVE;
				CLANG_CXX_LANGUAGE_STANDARD = "gnu++14";
				CLANG_CXX_LIBRARY = "libc++";
				CLANG_ENABLE_MODULES = YES;
				CLANG_ENABLE_OBJC_ARC = YES;
				CLANG_ENABLE_OBJC_WEAK = YES;
				CLANG_WARN_BLOCK_CAPTURE_AUTORELEASING = YES;
				CLANG_WARN_BOOL_CONVERSION = YES;
				CLANG_WARN_COMMA = YES;
				CLANG_WARN_CONSTANT_CONVERSION = YES;
				CLANG_WARN_DEPRECATED_OBJC_IMPLEMENTATIONS = YES;
				CLANG_WARN_DIRECT_OBJC_ISA_USAGE = YES_ERROR;
				CLANG_WARN_DOCUMENTATION_COMMENTS = YES;
				CLANG_WARN_EMPTY_BODY = YES;
				CLANG_WARN_ENUM_CONVERSION = YES;
				CLANG_WARN_INFINITE_RECURSION = YES;
				CLANG_WARN_INT_CONVERSION = YES;
				CLANG_WARN_NON_LITERAL_NULL_CONVERSION = YES;
				CLANG_WARN_OBJC_IMPLICIT_RETAIN_SELF = YES;
				CLANG_WARN_OBJC_LITERAL_CONVERSION = YES;
				CLANG_WARN_OBJC_ROOT_CLASS = YES_ERROR;
				CLANG_WARN_RANGE_LOOP_ANALYSIS = YES;
				CLANG_WARN_STRICT_PROTOTYPES = YES;
				CLANG_WARN_SUSPICIOUS_MOVE = YES;
				CLANG_WARN_UNGUARDED_AVAILABILITY = YES_AGGRESSIVE;
				CLANG_WARN_UNREACHABLE_CODE = YES;
				CLANG_WARN__DUPLICATE_METHOD_MATCH = YES;
				CODE_SIGN_IDENTITY = "iPhone Developer";
				COPY_PHASE_STRIP = NO;
				DEBUG_INFORMATION_FORMAT = "dwarf-with-dsym";
				ENABLE_NS_ASSERTIONS = NO;
				ENABLE_STRICT_OBJC_MSGSEND = YES;
				GCC_C_LANGUAGE_STANDARD = gnu11;
				GCC_NO_COMMON_BLOCKS = YES;
				GCC_WARN_64_TO_32_BIT_CONVERSION = YES;
				GCC_WARN_ABOUT_RETURN_TYPE = YES_ERROR;
				GCC_WARN_UNDECLARED_SELECTOR = YES;
				GCC_WARN_UNINITIALIZED_AUTOS = YES_AGGRESSIVE;
				GCC_WARN_UNUSED_FUNCTION = YES;
				GCC_WARN_UNUSED_VARIABLE = YES;
				IPHONEOS_DEPLOYMENT_TARGET = 11.3;
				MTL_ENABLE_DEBUG_INFO = NO;
				SDKROOT = iphoneos;
				SWIFT_COMPILATION_MODE = wholemodule;
				SWIFT_OPTIMIZATION_LEVEL = "-O";
				VALIDATE_PRODUCT = YES;
			};
			name = Release;
		};
		08772D4A20AC99990075DD6F /* Debug */ = {
			isa = XCBuildConfiguration;
			buildSettings = {
				ASSETCATALOG_COMPILER_APPICON_NAME = AppIcon;
				CODE_SIGN_STYLE = Automatic;
				INFOPLIST_FILE = UserLogin/Info.plist;
				LD_RUNPATH_SEARCH_PATHS = (
					"$(inherited)",
					"@executable_path/Frameworks",
				);
				PRODUCT_BUNDLE_IDENTIFIER = com.peers.UserLogin;
				PRODUCT_NAME = "$(TARGET_NAME)";
				SWIFT_VERSION = 4.0;
				TARGETED_DEVICE_FAMILY = "1,2";
			};
			name = Debug;
		};
		08772D4B20AC99990075DD6F /* Release */ = {
			isa = XCBuildConfiguration;
			buildSettings = {
				ASSETCATALOG_COMPILER_APPICON_NAME = AppIcon;
				CODE_SIGN_STYLE = Automatic;
				INFOPLIST_FILE = UserLogin/Info.plist;
				LD_RUNPATH_SEARCH_PATHS = (
					"$(inherited)",
					"@executable_path/Frameworks",
				);
				PRODUCT_BUNDLE_IDENTIFIER = com.peers.UserLogin;
				PRODUCT_NAME = "$(TARGET_NAME)";
				SWIFT_VERSION = 4.0;
				TARGETED_DEVICE_FAMILY = "1,2";
			};
			name = Release;
		};
		08772D4D20AC99990075DD6F /* Debug */ = {
			isa = XCBuildConfiguration;
			buildSettings = {
				ALWAYS_EMBED_SWIFT_STANDARD_LIBRARIES = YES;
				BUNDLE_LOADER = "$(TEST_HOST)";
				CODE_SIGN_STYLE = Automatic;
				INFOPLIST_FILE = UserLoginTests/Info.plist;
				LD_RUNPATH_SEARCH_PATHS = (
					"$(inherited)",
					"@executable_path/Frameworks",
					"@loader_path/Frameworks",
				);
				PRODUCT_BUNDLE_IDENTIFIER = com.peers.UserLoginTests;
				PRODUCT_NAME = "$(TARGET_NAME)";
				SWIFT_VERSION = 4.0;
				TARGETED_DEVICE_FAMILY = "1,2";
				TEST_HOST = "$(BUILT_PRODUCTS_DIR)/UserLogin.app/UserLogin";
			};
			name = Debug;
		};
		08772D4E20AC99990075DD6F /* Release */ = {
			isa = XCBuildConfiguration;
			buildSettings = {
				ALWAYS_EMBED_SWIFT_STANDARD_LIBRARIES = YES;
				BUNDLE_LOADER = "$(TEST_HOST)";
				CODE_SIGN_STYLE = Automatic;
				INFOPLIST_FILE = UserLoginTests/Info.plist;
				LD_RUNPATH_SEARCH_PATHS = (
					"$(inherited)",
					"@executable_path/Frameworks",
					"@loader_path/Frameworks",
				);
				PRODUCT_BUNDLE_IDENTIFIER = com.peers.UserLoginTests;
				PRODUCT_NAME = "$(TARGET_NAME)";
				SWIFT_VERSION = 4.0;
				TARGETED_DEVICE_FAMILY = "1,2";
				TEST_HOST = "$(BUILT_PRODUCTS_DIR)/UserLogin.app/UserLogin";
			};
			name = Release;
		};
		08772D5020AC99990075DD6F /* Debug */ = {
			isa = XCBuildConfiguration;
			buildSettings = {
				ALWAYS_EMBED_SWIFT_STANDARD_LIBRARIES = YES;
				CODE_SIGN_STYLE = Automatic;
				INFOPLIST_FILE = UserLoginUITests/Info.plist;
				LD_RUNPATH_SEARCH_PATHS = (
					"$(inherited)",
					"@executable_path/Frameworks",
					"@loader_path/Frameworks",
				);
				PRODUCT_BUNDLE_IDENTIFIER = com.peers.UserLoginUITests;
				PRODUCT_NAME = "$(TARGET_NAME)";
				SWIFT_VERSION = 4.0;
				TARGETED_DEVICE_FAMILY = "1,2";
				TEST_TARGET_NAME = UserLogin;
			};
			name = Debug;
		};
		08772D5120AC99990075DD6F /* Release */ = {
			isa = XCBuildConfiguration;
			buildSettings = {
				ALWAYS_EMBED_SWIFT_STANDARD_LIBRARIES = YES;
				CODE_SIGN_STYLE = Automatic;
				INFOPLIST_FILE = UserLoginUITests/Info.plist;
				LD_RUNPATH_SEARCH_PATHS = (
					"$(inherited)",
					"@executable_path/Frameworks",
					"@loader_path/Frameworks",
				);
				PRODUCT_BUNDLE_IDENTIFIER = com.peers.UserLoginUITests;
				PRODUCT_NAME = "$(TARGET_NAME)";
				SWIFT_VERSION = 4.0;
				TARGETED_DEVICE_FAMILY = "1,2";
				TEST_TARGET_NAME = UserLogin;
			};
			name = Release;
		};
/* End XCBuildConfiguration section */

/* Begin XCConfigurationList section */
		08772D1C20AC99960075DD6F /* Build configuration list for PBXProject "UserLogin" */ = {
			isa = XCConfigurationList;
			buildConfigurations = (
				08772D4720AC99990075DD6F /* Debug */,
				08772D4820AC99990075DD6F /* Release */,
			);
			defaultConfigurationIsVisible = 0;
			defaultConfigurationName = Release;
		};
		08772D4920AC99990075DD6F /* Build configuration list for PBXNativeTarget "UserLogin" */ = {
			isa = XCConfigurationList;
			buildConfigurations = (
				08772D4A20AC99990075DD6F /* Debug */,
				08772D4B20AC99990075DD6F /* Release */,
			);
			defaultConfigurationIsVisible = 0;
			defaultConfigurationName = Release;
		};
		08772D4C20AC99990075DD6F /* Build configuration list for PBXNativeTarget "UserLoginTests" */ = {
			isa = XCConfigurationList;
			buildConfigurations = (
				08772D4D20AC99990075DD6F /* Debug */,
				08772D4E20AC99990075DD6F /* Release */,
			);
			defaultConfigurationIsVisible = 0;
			defaultConfigurationName = Release;
		};
		08772D4F20AC99990075DD6F /* Build configuration list for PBXNativeTarget "UserLoginUITests" */ = {
			isa = XCConfigurationList;
			buildConfigurations = (
				08772D5020AC99990075DD6F /* Debug */,
				08772D5120AC99990075DD6F /* Release */,
			);
			defaultConfigurationIsVisible = 0;
			defaultConfigurationName = Release;
		};
/* End XCConfigurationList section */
	};
	rootObject = 08772D1920AC99960075DD6F /* Project object */;
}
